{
  "version": 4,
  "terraform_version": "1.3.4",
  "serial": 10,
  "lineage": "b4a4be19-0a24-b102-7fad-2687f565d5bc",
  "outputs": {},
  "resources": [
    {
      "module": "module.mysql_flexible_server",
      "mode": "data",
      "type": "azurerm_client_config",
      "name": "current",
      "provider": "provider[\"registry.terraform.io/hashicorp/azurerm\"]",
      "instances": [
        {
          "schema_version": 0,
          "attributes": {
            "client_id": "04b07795-8ddb-461a-bbee-02f9e1bf7b46",
            "id": "Y2xpZW50Q29uZmlncy9jbGllbnRJZD0wNGIwNzc5NS04ZGRiLTQ2MWEtYmJlZS0wMmY5ZTFiZjdiNDY7b2JqZWN0SWQ9ZjAwMzcwYzUtZmE3Ny00NDIxLTg5NGItZmU2YWJhZTAzY2VjO3N1YnNjcmlwdGlvbklkPTRkMmYzZDkwLTNmN2EtNGY0NC1iYjdmLWJlZTk5OWEzNjM4Yjt0ZW5hbnRJZD01ZTk4MDBjZS02MzA0LTQ4YmMtOTcxNi1kNmQxMmIyMzUzZWI=",
            "object_id": "f00370c5-fa77-4421-894b-fe6abae03cec",
            "subscription_id": "4d2f3d90-3f7a-4f44-bb7f-bee999a3638b",
            "tenant_id": "5e9800ce-6304-48bc-9716-d6d12b2353eb",
            "timeouts": null
          },
          "sensitive_attributes": []
        }
      ]
    },
    {
      "module": "module.mysql_flexible_server",
      "mode": "data",
      "type": "azurerm_private_dns_zone",
      "name": "existing_privatednszone",
      "provider": "provider[\"registry.terraform.io/hashicorp/azurerm\"]",
      "instances": [
        {
          "schema_version": 0,
          "attributes": {
            "id": "/subscriptions/4d2f3d90-3f7a-4f44-bb7f-bee999a3638b/resourceGroups/DevOps-Learn/providers/Microsoft.Network/privateDnsZones/mayordnszone.mysql.database.azure.com",
            "max_number_of_record_sets": 25000,
            "max_number_of_virtual_network_links": 1000,
            "max_number_of_virtual_network_links_with_registration": 100,
            "name": "mayordnszone.mysql.database.azure.com",
            "number_of_record_sets": 1,
            "resource_group_name": "DevOps-Learn",
            "tags": {},
            "timeouts": null
          },
          "sensitive_attributes": []
        }
      ]
    },
    {
      "module": "module.mysql_flexible_server",
      "mode": "data",
      "type": "azurerm_private_dns_zone_virtual_network_link",
      "name": "privatednszoneVnetlink",
      "provider": "provider[\"registry.terraform.io/hashicorp/azurerm\"]",
      "instances": [
        {
          "schema_version": 0,
          "attributes": {
            "id": "/subscriptions/4d2f3d90-3f7a-4f44-bb7f-bee999a3638b/resourceGroups/DevOps-Learn/providers/Microsoft.Network/privateDnsZones/mayordnszone.mysql.database.azure.com/virtualNetworkLinks/kennyvnetzone.com",
            "name": "kennyvnetzone.com",
            "private_dns_zone_name": "mayordnszone.mysql.database.azure.com",
            "registration_enabled": false,
            "resource_group_name": "DevOps-Learn",
            "tags": {},
            "timeouts": null,
            "virtual_network_id": "/subscriptions/4d2f3d90-3f7a-4f44-bb7f-bee999a3638b/resourceGroups/DevOps-Learn/providers/Microsoft.Network/virtualNetworks/DevOps"
          },
          "sensitive_attributes": []
        }
      ]
    },
    {
      "module": "module.mysql_flexible_server",
      "mode": "data",
      "type": "azurerm_resource_group",
      "name": "resource_group",
      "provider": "provider[\"registry.terraform.io/hashicorp/azurerm\"]",
      "instances": [
        {
          "schema_version": 0,
          "attributes": {
            "id": "/subscriptions/4d2f3d90-3f7a-4f44-bb7f-bee999a3638b/resourceGroups/DevOps-Learn",
            "location": "westeurope",
            "managed_by": "",
            "name": "DevOps-Learn",
            "tags": {},
            "timeouts": null
          },
          "sensitive_attributes": []
        }
      ]
    },
    {
      "module": "module.mysql_flexible_server",
      "mode": "data",
      "type": "azurerm_subnet",
      "name": "existingsql-subnet",
      "provider": "provider[\"registry.terraform.io/hashicorp/azurerm\"]",
      "instances": [
        {
          "schema_version": 0,
          "attributes": {
            "address_prefix": "172.17.0.0/24",
            "address_prefixes": [
              "172.17.0.0/24"
            ],
            "enforce_private_link_endpoint_network_policies": true,
            "enforce_private_link_service_network_policies": false,
            "id": "/subscriptions/4d2f3d90-3f7a-4f44-bb7f-bee999a3638b/resourceGroups/DevOps-Learn/providers/Microsoft.Network/virtualNetworks/DevOps/subnets/sqlsubnet",
            "name": "sqlsubnet",
            "network_security_group_id": "",
            "private_endpoint_network_policies_enabled": false,
            "private_link_service_network_policies_enabled": true,
            "resource_group_name": "DevOps-Learn",
            "route_table_id": "",
            "service_endpoints": [],
            "timeouts": null,
            "virtual_network_name": "DevOps"
          },
          "sensitive_attributes": []
        }
      ]
    },
    {
      "module": "module.mysql_flexible_server",
      "mode": "data",
      "type": "azurerm_user_assigned_identity",
      "name": "userassignedID",
      "provider": "provider[\"registry.terraform.io/hashicorp/azurerm\"]",
      "instances": [
        {
          "schema_version": 0,
          "attributes": {
            "client_id": "633ddef9-62d2-4bf2-9b89-98907d0775cd",
            "id": "/subscriptions/4d2f3d90-3f7a-4f44-bb7f-bee999a3638b/resourceGroups/DevOps-Learn/providers/Microsoft.ManagedIdentity/userAssignedIdentities/mayorassigned",
            "location": "westeurope",
            "name": "mayorassigned",
            "principal_id": "8ce2244f-d99a-496f-8077-a609875eaee6",
            "resource_group_name": "DevOps-Learn",
            "tags": {},
            "tenant_id": "5e9800ce-6304-48bc-9716-d6d12b2353eb",
            "timeouts": null
          },
          "sensitive_attributes": []
        }
      ]
    },
    {
      "module": "module.mysql_flexible_server",
      "mode": "data",
      "type": "azurerm_virtual_network",
      "name": "virtual-network",
      "provider": "provider[\"registry.terraform.io/hashicorp/azurerm\"]",
      "instances": [
        {
          "schema_version": 0,
          "attributes": {
            "address_space": [
              "172.17.0.0/16"
            ],
            "dns_servers": null,
            "guid": "aadb2b25-1aa4-4412-a286-daff9a41122b",
            "id": "/subscriptions/4d2f3d90-3f7a-4f44-bb7f-bee999a3638b/resourceGroups/DevOps-Learn/providers/Microsoft.Network/virtualNetworks/DevOps",
            "location": "westeurope",
            "name": "DevOps",
            "resource_group_name": "DevOps-Learn",
            "subnets": [
              "Ansiblesubnet",
              "sqlsubnet"
            ],
            "tags": {},
            "timeouts": null,
            "vnet_peerings": {},
            "vnet_peerings_addresses": []
          },
          "sensitive_attributes": []
        }
      ]
    },
    {
      "module": "module.mysql_flexible_server",
      "mode": "managed",
      "type": "azurerm_mysql_flexible_server",
      "name": "mysql_dev_flexible",
      "provider": "provider[\"registry.terraform.io/hashicorp/azurerm\"]",
      "instances": [
        {
          "schema_version": 0,
          "attributes": {
            "administrator_login": "kennyshark",
            "administrator_password": "Kenny123$",
            "backup_retention_days": 7,
            "create_mode": null,
            "customer_managed_key": [],
            "delegated_subnet_id": "/subscriptions/4d2f3d90-3f7a-4f44-bb7f-bee999a3638b/resourceGroups/DevOps-Learn/providers/Microsoft.Network/virtualNetworks/DevOps/subnets/sqlsubnet",
            "fqdn": "testsqlflexible.mysql.database.azure.com",
            "geo_redundant_backup_enabled": false,
            "high_availability": [
              {
                "mode": "SameZone",
                "standby_availability_zone": "1"
              }
            ],
            "id": "/subscriptions/4d2f3d90-3f7a-4f44-bb7f-bee999a3638b/resourceGroups/DevOps-Learn/providers/Microsoft.DBforMySQL/flexibleServers/testsqlflexible",
            "identity": [
              {
                "identity_ids": [
                  "/subscriptions/4d2f3d90-3f7a-4f44-bb7f-bee999a3638b/resourceGroups/DevOps-Learn/providers/Microsoft.ManagedIdentity/userAssignedIdentities/mayorassigned"
                ],
                "type": "UserAssigned"
              }
            ],
            "location": "westeurope",
            "maintenance_window": [],
            "name": "testsqlflexible",
            "point_in_time_restore_time_in_utc": null,
            "private_dns_zone_id": "/subscriptions/4d2f3d90-3f7a-4f44-bb7f-bee999a3638b/resourceGroups/DevOps-Learn/providers/Microsoft.Network/privateDnsZones/mayordnszone.mysql.database.azure.com",
            "public_network_access_enabled": false,
            "replica_capacity": 10,
            "replication_role": "None",
            "resource_group_name": "DevOps-Learn",
            "sku_name": "GP_Standard_D2ads_v5",
            "source_server_id": null,
            "storage": [
              {
                "auto_grow_enabled": true,
                "iops": 360,
                "size_gb": 20
              }
            ],
            "tags": null,
            "timeouts": null,
            "version": "8.0.21",
            "zone": "1"
          },
          "sensitive_attributes": [],
          "private": "eyJlMmJmYjczMC1lY2FhLTExZTYtOGY4OC0zNDM2M2JjN2M0YzAiOnsiY3JlYXRlIjozNjAwMDAwMDAwMDAwLCJkZWxldGUiOjM2MDAwMDAwMDAwMDAsInJlYWQiOjMwMDAwMDAwMDAwMCwidXBkYXRlIjozNjAwMDAwMDAwMDAwfX0=",
          "dependencies": [
            "module.mysql_flexible_server.data.azurerm_private_dns_zone.existing_privatednszone",
            "module.mysql_flexible_server.data.azurerm_subnet.existingsql-subnet",
            "module.mysql_flexible_server.data.azurerm_user_assigned_identity.userassignedID"
          ]
        }
      ]
    },
    {
      "module": "module.mysql_flexible_server",
      "mode": "managed",
      "type": "azurerm_mysql_flexible_server_active_directory_administrator",
      "name": "mysql_dev_template_ad",
      "provider": "provider[\"registry.terraform.io/hashicorp/azurerm\"]",
      "instances": [
        {
          "schema_version": 0,
          "attributes": {
            "id": "/subscriptions/4d2f3d90-3f7a-4f44-bb7f-bee999a3638b/resourceGroups/DevOps-Learn/providers/Microsoft.DBforMySQL/flexibleServers/testsqlflexible/administrators/ActiveDirectory",
            "identity_id": "/subscriptions/4d2f3d90-3f7a-4f44-bb7f-bee999a3638b/resourceGroups/DevOps-Learn/providers/Microsoft.ManagedIdentity/userAssignedIdentities/mayorassigned",
            "login": "Kenny@ajala.ml",
            "object_id": "04b07795-8ddb-461a-bbee-02f9e1bf7b46",
            "server_id": "/subscriptions/4d2f3d90-3f7a-4f44-bb7f-bee999a3638b/resourceGroups/DevOps-Learn/providers/Microsoft.DBforMySQL/flexibleServers/testsqlflexible",
            "tenant_id": "5e9800ce-6304-48bc-9716-d6d12b2353eb",
            "timeouts": null
          },
          "sensitive_attributes": [],
          "private": "eyJlMmJmYjczMC1lY2FhLTExZTYtOGY4OC0zNDM2M2JjN2M0YzAiOnsiY3JlYXRlIjoxODAwMDAwMDAwMDAwLCJkZWxldGUiOjE4MDAwMDAwMDAwMDAsInJlYWQiOjMwMDAwMDAwMDAwMCwidXBkYXRlIjoxODAwMDAwMDAwMDAwfX0=",
          "dependencies": [
            "module.mysql_flexible_server.azurerm_mysql_flexible_server.mysql_dev_flexible",
            "module.mysql_flexible_server.data.azurerm_client_config.current",
            "module.mysql_flexible_server.data.azurerm_private_dns_zone.existing_privatednszone",
            "module.mysql_flexible_server.data.azurerm_subnet.existingsql-subnet",
            "module.mysql_flexible_server.data.azurerm_user_assigned_identity.userassignedID"
          ]
        }
      ]
    }
  ],
  "check_results": null
}
